
Microsoft Visual Studio Solution File, Format Version 12.00
# Visual Studio Version 17
VisualStudioVersion = 17.10.35122.118
MinimumVisualStudioVersion = 10.0.40219.1
Project("{FAE04EC0-301F-11D3-BF4B-00C04F79EFBC}") = "Windows_Process_Injection", "Windows_Process_Injection\Windows_Process_Injection.csproj", "{B13EFF62-358B-4BF3-8063-4047AAF8CC18}"
EndProject
Global
	GlobalSection(SolutionConfigurationPlatforms) = preSolution
		Debug|Any CPU = Debug|Any CPU
		Debug|x64 = Debug|x64
		Release|Any CPU = Release|Any CPU
		Release|x64 = Release|x64
	EndGlobalSection
	GlobalSection(ProjectConfigurationPlatforms) = postSolution
		{B13EFF62-358B-4BF3-8063-4047AAF8CC18}.Debug|Any CPU.ActiveCfg = Debug|Any CPU
		{B13EFF62-358B-4BF3-8063-4047AAF8CC18}.Debug|Any CPU.Build.0 = Debug|Any CPU
		{B13EFF62-358B-4BF3-8063-4047AAF8CC18}.Debug|x64.ActiveCfg = Debug|x64
		{B13EFF62-358B-4BF3-8063-4047AAF8CC18}.Debug|x64.Build.0 = Debug|x64
		{B13EFF62-358B-4BF3-8063-4047AAF8CC18}.Release|Any CPU.ActiveCfg = Release|Any CPU
		{B13EFF62-358B-4BF3-8063-4047AAF8CC18}.Release|Any CPU.Build.0 = Release|Any CPU
		{B13EFF62-358B-4BF3-8063-4047AAF8CC18}.Release|x64.ActiveCfg = Release|x64
		{B13EFF62-358B-4BF3-8063-4047AAF8CC18}.Release|x64.Build.0 = Release|x64
	EndGlobalSection
	GlobalSection(SolutionProperties) = preSolution
		HideSolutionNode = FALSE
	EndGlobalSection
	GlobalSection(ExtensibilityGlobals) = postSolution
		SolutionGuid = {FD10A761-2BCB-4D83-ADD0-05B22D232FB6}
	EndGlobalSection
EndGlobal
